{
  "version": 4,
  "terraform_version": "1.12.2",
  "serial": 11,
  "lineage": "22eb2b5a-8971-b7e1-63f5-e796e54be08a",
  "outputs": {
    "private_subnet_id": {
      "value": "/subscriptions/26bdb9b3-cd57-440f-803e-d05bb75c0047/resourceGroups/terraform-final-rg/providers/Microsoft.Network/virtualNetworks/vnet-final/subnets/private-subnet",
      "type": "string"
    },
    "public_subnet_id": {
      "value": "/subscriptions/26bdb9b3-cd57-440f-803e-d05bb75c0047/resourceGroups/terraform-final-rg/providers/Microsoft.Network/virtualNetworks/vnet-final/subnets/public-subnet",
      "type": "string"
    },
    "resource_group_location": {
      "value": "eastus",
      "type": "string"
    },
    "resource_group_name": {
      "value": "terraform-final-rg",
      "type": "string"
    },
    "vnet_name": {
      "value": "vnet-final",
      "type": "string"
    },
    "web_nsg_id": {
      "value": "/subscriptions/26bdb9b3-cd57-440f-803e-d05bb75c0047/resourceGroups/terraform-final-rg/providers/Microsoft.Network/networkSecurityGroups/web-nsg",
      "type": "string"
    }
  },
  "resources": [
    {
      "mode": "managed",
      "type": "azurerm_linux_virtual_machine_scale_set",
      "name": "web_vmss",
      "provider": "provider[\"registry.terraform.io/hashicorp/azurerm\"]",
      "instances": [
        {
          "schema_version": 0,
          "attributes": {
            "additional_capabilities": [],
            "admin_password": null,
            "admin_ssh_key": [
              {
                "public_key": "ssh-rsa AAAAB3NzaC1yc2EAAAADAQABAAACAQC2lm+IxNmdv4+wmwiZiHc8Q6KPk53SKQNrxFu9lCm1I5JggO5VI1q0YVQZrpwpxUvJ91PCBp1CbRMvx59zmU5xpmWIe5X1a27T+xPOYfJeU9IHkavViaDFZt6NVANXB6rgcRZZ9mK5U5nf0cWQpOYRtgy7GlyAKwL3zxcNR/pTcScd6oBTgfxKXHdiB4Hc1hnR8GIs0G5Rp8cr9wcLPcFKaIZ7Q+u3u8S5AtdLZhiHXbovdZRopBmlY8UJYC4nZaBMDVPJyPCeGfEIeZkMNm4jLvXp3b7t+tYUW77CM/0okGkFjGzEmxF9icALD8X9rpvvgz53tbBHR8eu64KetnggiCJu+8j/ksXs+UXKNgz2CLmFF1zfK9DEH1wowwsIRFdopaMsU+pOeE3yMZ51ygE8eaITNqSUErQMdYoG9tWFaDY+8Im3enc/QLGbPm+gNpfqqxzYmQQcw98dy0HmyYl0b6FaCoEcAmqvsu48JNYCqAKoWhQre27J5GhVXE7mK34Uf0HPHG6Sy8u34shuDMc64TSQsKmwdywSnol6BMbKmazm6WF1X79J6hMsvmZKLXqJhWLJ/03M2FbKvgcDvhnOok9taMlduO8WKIb4NP4wPJZCQ02X85p5mLbBcTHBvZvt4DX6h8PjvvvbRGtP10SBPnSeD6JN6rqyScRJ7eUTww== github-deploy",
                "username": "azureuser"
              }
            ],
            "admin_username": "azureuser",
            "automatic_instance_repair": [],
            "automatic_os_upgrade_policy": [],
            "boot_diagnostics": [],
            "capacity_reservation_group_id": "",
            "computer_name_prefix": "web-vmss",
            "custom_data": "IyEvYmluL2Jhc2gKYXB0LWdldCB1cGRhdGUgLXkKYXB0LWdldCBpbnN0YWxsIG5naW54IC15CnN5c3RlbWN0bCBlbmFibGUgbmdpbngKc3lzdGVtY3RsIHN0YXJ0IG5naW54Cg==",
            "data_disk": [],
            "disable_password_authentication": true,
            "do_not_run_extensions_on_overprovisioned_machines": false,
            "edge_zone": "",
            "encryption_at_host_enabled": false,
            "eviction_policy": "",
            "extension": [],
            "extension_operations_enabled": true,
            "extensions_time_budget": "PT1H30M",
            "gallery_application": null,
            "gallery_applications": null,
            "health_probe_id": "",
            "host_group_id": null,
            "id": "/subscriptions/26bdb9b3-cd57-440f-803e-d05bb75c0047/resourceGroups/terraform-final-rg/providers/Microsoft.Compute/virtualMachineScaleSets/web-vmss",
            "identity": [],
            "instances": 2,
            "location": "eastus",
            "max_bid_price": -1,
            "name": "web-vmss",
            "network_interface": [
              {
                "dns_servers": null,
                "enable_accelerated_networking": false,
                "enable_ip_forwarding": false,
                "ip_configuration": [
                  {
                    "application_gateway_backend_address_pool_ids": null,
                    "application_security_group_ids": null,
                    "load_balancer_backend_address_pool_ids": null,
                    "load_balancer_inbound_nat_rules_ids": null,
                    "name": "internal",
                    "primary": true,
                    "public_ip_address": [],
                    "subnet_id": "/subscriptions/26bdb9b3-cd57-440f-803e-d05bb75c0047/resourceGroups/terraform-final-rg/providers/Microsoft.Network/virtualNetworks/vnet-final/subnets/private-subnet",
                    "version": "IPv4"
                  }
                ],
                "name": "vmss-nic",
                "network_security_group_id": "",
                "primary": true
              }
            ],
            "os_disk": [
              {
                "caching": "ReadWrite",
                "diff_disk_settings": [],
                "disk_encryption_set_id": "",
                "disk_size_gb": 30,
                "secure_vm_disk_encryption_set_id": "",
                "security_encryption_type": "",
                "storage_account_type": "Standard_LRS",
                "write_accelerator_enabled": false
              }
            ],
            "overprovision": true,
            "plan": [],
            "platform_fault_domain_count": 5,
            "priority": "Regular",
            "provision_vm_agent": true,
            "proximity_placement_group_id": "",
            "resource_group_name": "terraform-final-rg",
            "rolling_upgrade_policy": [],
            "scale_in": [
              {
                "force_deletion_enabled": false,
                "rule": "Default"
              }
            ],
            "scale_in_policy": "Default",
            "secret": [],
            "secure_boot_enabled": false,
            "single_placement_group": true,
            "sku": "Standard_B1s",
            "source_image_id": "",
            "source_image_reference": [
              {
                "offer": "UbuntuServer",
                "publisher": "Canonical",
                "sku": "18.04-LTS",
                "version": "latest"
              }
            ],
            "spot_restore": null,
            "tags": null,
            "terminate_notification": null,
            "termination_notification": null,
            "timeouts": null,
            "unique_id": "e85c814f-bb7f-4879-8a53-63ceb3c1b7e6",
            "upgrade_mode": "Manual",
            "user_data": "",
            "vtpm_enabled": false,
            "zone_balance": false,
            "zones": null
          },
          "sensitive_attributes": [
            [
              {
                "type": "get_attr",
                "value": "admin_password"
              }
            ],
            [
              {
                "type": "get_attr",
                "value": "custom_data"
              }
            ]
          ],
          "identity_schema_version": 0,
          "private": "eyJlMmJmYjczMC1lY2FhLTExZTYtOGY4OC0zNDM2M2JjN2M0YzAiOnsiY3JlYXRlIjozNjAwMDAwMDAwMDAwLCJkZWxldGUiOjM2MDAwMDAwMDAwMDAsInJlYWQiOjMwMDAwMDAwMDAwMCwidXBkYXRlIjozNjAwMDAwMDAwMDAwfX0=",
          "dependencies": [
            "azurerm_network_security_group.web_nsg",
            "azurerm_resource_group.rg",
            "azurerm_subnet.private_subnet",
            "azurerm_subnet.public_subnet",
            "azurerm_subnet_network_security_group_association.public_subnet_assoc",
            "azurerm_virtual_network.vnet"
          ]
        }
      ]
    },
    {
      "mode": "managed",
      "type": "azurerm_network_security_group",
      "name": "web_nsg",
      "provider": "provider[\"registry.terraform.io/hashicorp/azurerm\"]",
      "instances": [
        {
          "schema_version": 0,
          "attributes": {
            "id": "/subscriptions/26bdb9b3-cd57-440f-803e-d05bb75c0047/resourceGroups/terraform-final-rg/providers/Microsoft.Network/networkSecurityGroups/web-nsg",
            "location": "eastus",
            "name": "web-nsg",
            "resource_group_name": "terraform-final-rg",
            "security_rule": [
              {
                "access": "Allow",
                "description": "",
                "destination_address_prefix": "*",
                "destination_address_prefixes": [],
                "destination_application_security_group_ids": [],
                "destination_port_range": "22",
                "destination_port_ranges": [],
                "direction": "Inbound",
                "name": "Allow-SSH",
                "priority": 110,
                "protocol": "Tcp",
                "source_address_prefix": "*",
                "source_address_prefixes": [],
                "source_application_security_group_ids": [],
                "source_port_range": "*",
                "source_port_ranges": []
              },
              {
                "access": "Allow",
                "description": "",
                "destination_address_prefix": "*",
                "destination_address_prefixes": [],
                "destination_application_security_group_ids": [],
                "destination_port_range": "80",
                "destination_port_ranges": [],
                "direction": "Inbound",
                "name": "Allow-HTTP",
                "priority": 100,
                "protocol": "Tcp",
                "source_address_prefix": "*",
                "source_address_prefixes": [],
                "source_application_security_group_ids": [],
                "source_port_range": "*",
                "source_port_ranges": []
              }
            ],
            "tags": {},
            "timeouts": null
          },
          "sensitive_attributes": [],
          "identity_schema_version": 0,
          "private": "eyJlMmJmYjczMC1lY2FhLTExZTYtOGY4OC0zNDM2M2JjN2M0YzAiOnsiY3JlYXRlIjoxODAwMDAwMDAwMDAwLCJkZWxldGUiOjE4MDAwMDAwMDAwMDAsInJlYWQiOjMwMDAwMDAwMDAwMCwidXBkYXRlIjoxODAwMDAwMDAwMDAwfX0=",
          "dependencies": [
            "azurerm_resource_group.rg"
          ]
        }
      ]
    },
    {
      "mode": "managed",
      "type": "azurerm_resource_group",
      "name": "rg",
      "provider": "provider[\"registry.terraform.io/hashicorp/azurerm\"]",
      "instances": [
        {
          "schema_version": 0,
          "attributes": {
            "id": "/subscriptions/26bdb9b3-cd57-440f-803e-d05bb75c0047/resourceGroups/terraform-final-rg",
            "location": "eastus",
            "managed_by": "",
            "name": "terraform-final-rg",
            "tags": {},
            "timeouts": null
          },
          "sensitive_attributes": [],
          "identity_schema_version": 0,
          "private": "eyJlMmJmYjczMC1lY2FhLTExZTYtOGY4OC0zNDM2M2JjN2M0YzAiOnsiY3JlYXRlIjo1NDAwMDAwMDAwMDAwLCJkZWxldGUiOjU0MDAwMDAwMDAwMDAsInJlYWQiOjMwMDAwMDAwMDAwMCwidXBkYXRlIjo1NDAwMDAwMDAwMDAwfX0="
        }
      ]
    },
    {
      "mode": "managed",
      "type": "azurerm_subnet",
      "name": "private_subnet",
      "provider": "provider[\"registry.terraform.io/hashicorp/azurerm\"]",
      "instances": [
        {
          "schema_version": 0,
          "attributes": {
            "address_prefixes": [
              "10.0.2.0/24"
            ],
            "default_outbound_access_enabled": true,
            "delegation": [],
            "enforce_private_link_endpoint_network_policies": false,
            "enforce_private_link_service_network_policies": false,
            "id": "/subscriptions/26bdb9b3-cd57-440f-803e-d05bb75c0047/resourceGroups/terraform-final-rg/providers/Microsoft.Network/virtualNetworks/vnet-final/subnets/private-subnet",
            "name": "private-subnet",
            "private_endpoint_network_policies": "Enabled",
            "private_endpoint_network_policies_enabled": true,
            "private_link_service_network_policies_enabled": true,
            "resource_group_name": "terraform-final-rg",
            "service_endpoint_policy_ids": [],
            "service_endpoints": [],
            "timeouts": null,
            "virtual_network_name": "vnet-final"
          },
          "sensitive_attributes": [],
          "identity_schema_version": 0,
          "private": "eyJlMmJmYjczMC1lY2FhLTExZTYtOGY4OC0zNDM2M2JjN2M0YzAiOnsiY3JlYXRlIjoxODAwMDAwMDAwMDAwLCJkZWxldGUiOjE4MDAwMDAwMDAwMDAsInJlYWQiOjMwMDAwMDAwMDAwMCwidXBkYXRlIjoxODAwMDAwMDAwMDAwfX0=",
          "dependencies": [
            "azurerm_resource_group.rg",
            "azurerm_virtual_network.vnet"
          ]
        }
      ]
    },
    {
      "mode": "managed",
      "type": "azurerm_subnet",
      "name": "public_subnet",
      "provider": "provider[\"registry.terraform.io/hashicorp/azurerm\"]",
      "instances": [
        {
          "schema_version": 0,
          "attributes": {
            "address_prefixes": [
              "10.0.1.0/24"
            ],
            "default_outbound_access_enabled": true,
            "delegation": [],
            "enforce_private_link_endpoint_network_policies": false,
            "enforce_private_link_service_network_policies": false,
            "id": "/subscriptions/26bdb9b3-cd57-440f-803e-d05bb75c0047/resourceGroups/terraform-final-rg/providers/Microsoft.Network/virtualNetworks/vnet-final/subnets/public-subnet",
            "name": "public-subnet",
            "private_endpoint_network_policies": "Enabled",
            "private_endpoint_network_policies_enabled": true,
            "private_link_service_network_policies_enabled": true,
            "resource_group_name": "terraform-final-rg",
            "service_endpoint_policy_ids": [],
            "service_endpoints": [],
            "timeouts": null,
            "virtual_network_name": "vnet-final"
          },
          "sensitive_attributes": [],
          "identity_schema_version": 0,
          "private": "eyJlMmJmYjczMC1lY2FhLTExZTYtOGY4OC0zNDM2M2JjN2M0YzAiOnsiY3JlYXRlIjoxODAwMDAwMDAwMDAwLCJkZWxldGUiOjE4MDAwMDAwMDAwMDAsInJlYWQiOjMwMDAwMDAwMDAwMCwidXBkYXRlIjoxODAwMDAwMDAwMDAwfX0=",
          "dependencies": [
            "azurerm_resource_group.rg",
            "azurerm_virtual_network.vnet"
          ]
        }
      ]
    },
    {
      "mode": "managed",
      "type": "azurerm_subnet_network_security_group_association",
      "name": "public_subnet_assoc",
      "provider": "provider[\"registry.terraform.io/hashicorp/azurerm\"]",
      "instances": [
        {
          "schema_version": 0,
          "attributes": {
            "id": "/subscriptions/26bdb9b3-cd57-440f-803e-d05bb75c0047/resourceGroups/terraform-final-rg/providers/Microsoft.Network/virtualNetworks/vnet-final/subnets/public-subnet",
            "network_security_group_id": "/subscriptions/26bdb9b3-cd57-440f-803e-d05bb75c0047/resourceGroups/terraform-final-rg/providers/Microsoft.Network/networkSecurityGroups/web-nsg",
            "subnet_id": "/subscriptions/26bdb9b3-cd57-440f-803e-d05bb75c0047/resourceGroups/terraform-final-rg/providers/Microsoft.Network/virtualNetworks/vnet-final/subnets/public-subnet",
            "timeouts": null
          },
          "sensitive_attributes": [],
          "identity_schema_version": 0,
          "private": "eyJlMmJmYjczMC1lY2FhLTExZTYtOGY4OC0zNDM2M2JjN2M0YzAiOnsiY3JlYXRlIjoxODAwMDAwMDAwMDAwLCJkZWxldGUiOjE4MDAwMDAwMDAwMDAsInJlYWQiOjMwMDAwMDAwMDAwMH19",
          "dependencies": [
            "azurerm_network_security_group.web_nsg",
            "azurerm_resource_group.rg",
            "azurerm_subnet.public_subnet",
            "azurerm_virtual_network.vnet"
          ]
        }
      ]
    },
    {
      "mode": "managed",
      "type": "azurerm_virtual_network",
      "name": "vnet",
      "provider": "provider[\"registry.terraform.io/hashicorp/azurerm\"]",
      "instances": [
        {
          "schema_version": 0,
          "attributes": {
            "address_space": [
              "10.0.0.0/16"
            ],
            "bgp_community": "",
            "ddos_protection_plan": [],
            "dns_servers": [],
            "edge_zone": "",
            "encryption": [],
            "flow_timeout_in_minutes": 0,
            "guid": "44f6d9ac-4f3c-49d8-bd52-41a4f24b2063",
            "id": "/subscriptions/26bdb9b3-cd57-440f-803e-d05bb75c0047/resourceGroups/terraform-final-rg/providers/Microsoft.Network/virtualNetworks/vnet-final",
            "location": "eastus",
            "name": "vnet-final",
            "resource_group_name": "terraform-final-rg",
            "subnet": [
              {
                "address_prefix": "10.0.1.0/24",
                "id": "/subscriptions/26bdb9b3-cd57-440f-803e-d05bb75c0047/resourceGroups/terraform-final-rg/providers/Microsoft.Network/virtualNetworks/vnet-final/subnets/public-subnet",
                "name": "public-subnet",
                "security_group": "/subscriptions/26bdb9b3-cd57-440f-803e-d05bb75c0047/resourceGroups/terraform-final-rg/providers/Microsoft.Network/networkSecurityGroups/web-nsg"
              },
              {
                "address_prefix": "10.0.2.0/24",
                "id": "/subscriptions/26bdb9b3-cd57-440f-803e-d05bb75c0047/resourceGroups/terraform-final-rg/providers/Microsoft.Network/virtualNetworks/vnet-final/subnets/private-subnet",
                "name": "private-subnet",
                "security_group": ""
              }
            ],
            "tags": {},
            "timeouts": null
          },
          "sensitive_attributes": [],
          "identity_schema_version": 0,
          "private": "eyJlMmJmYjczMC1lY2FhLTExZTYtOGY4OC0zNDM2M2JjN2M0YzAiOnsiY3JlYXRlIjoxODAwMDAwMDAwMDAwLCJkZWxldGUiOjE4MDAwMDAwMDAwMDAsInJlYWQiOjMwMDAwMDAwMDAwMCwidXBkYXRlIjoxODAwMDAwMDAwMDAwfX0=",
          "dependencies": [
            "azurerm_resource_group.rg"
          ]
        }
      ]
    }
  ],
  "check_results": null
}
